
Microsoft Visual Studio Solution File, Format Version 12.00
# Visual Studio Version 16
VisualStudioVersion = 16.0.30804.86
MinimumVisualStudioVersion = 10.0.40219.1
Project("{FAE04EC0-301F-11D3-BF4B-00C04F79EFBC}") = "CoAP(.NET)", "CoAP(.NET).csproj", "{FC740190-9BB6-4223-B47C-A5F2C8B0BA70}"
EndProject
Global
	GlobalSection(SolutionConfigurationPlatforms) = preSolution
		Debug|Any CPU = Debug|Any CPU
		Release|Any CPU = Release|Any CPU
	EndGlobalSection
	GlobalSection(ProjectConfigurationPlatforms) = postSolution
		{FC740190-9BB6-4223-B47C-A5F2C8B0BA70}.Debug|Any CPU.ActiveCfg = Debug|Any CPU
		{FC740190-9BB6-4223-B47C-A5F2C8B0BA70}.Debug|Any CPU.Build.0 = Debug|Any CPU
		{FC740190-9BB6-4223-B47C-A5F2C8B0BA70}.Release|Any CPU.ActiveCfg = Release|Any CPU
		{FC740190-9BB6-4223-B47C-A5F2C8B0BA70}.Release|Any CPU.Build.0 = Release|Any CPU
	EndGlobalSection
	GlobalSection(SolutionProperties) = preSolution
		HideSolutionNode = FALSE
	EndGlobalSection
	GlobalSection(ExtensibilityGlobals) = postSolution
		SolutionGuid = {78815406-C935-451D-8655-65277B3EC108}
	EndGlobalSection
EndGlobal
